
Microsoft Visual Studio Solution File, Format Version 12.00
# Visual Studio Version 16
VisualStudioVersion = 16.0.31515.178
MinimumVisualStudioVersion = 10.0.40219.1
Project("{9A19103F-16F7-4668-BE54-9A1E7A4F7556}") = "SEDC.PizzaApp", "SEDC.PizzaApp\SEDC.PizzaApp.csproj", "{27DB3B10-9E7B-4803-B5C0-0B1C0245E051}"
EndProject
Global
	GlobalSection(SolutionConfigurationPlatforms) = preSolution
		Debug|Any CPU = Debug|Any CPU
		Release|Any CPU = Release|Any CPU
	EndGlobalSection
	GlobalSection(ProjectConfigurationPlatforms) = postSolution
		{27DB3B10-9E7B-4803-B5C0-0B1C0245E051}.Debug|Any CPU.ActiveCfg = Debug|Any CPU
		{27DB3B10-9E7B-4803-B5C0-0B1C0245E051}.Debug|Any CPU.Build.0 = Debug|Any CPU
		{27DB3B10-9E7B-4803-B5C0-0B1C0245E051}.Release|Any CPU.ActiveCfg = Release|Any CPU
		{27DB3B10-9E7B-4803-B5C0-0B1C0245E051}.Release|Any CPU.Build.0 = Release|Any CPU
	EndGlobalSection
	GlobalSection(SolutionProperties) = preSolution
		HideSolutionNode = FALSE
	EndGlobalSection
	GlobalSection(ExtensibilityGlobals) = postSolution
		SolutionGuid = {BD74BD0E-C59F-49CB-B484-321BBAD86D54}
	EndGlobalSection
EndGlobal
